<?xml version="1.0" encoding="utf-8"?>
<Project ToolsVersion="4.0" xmlns="http://schemas.microsoft.com/developer/msbuild/2003">
  <ItemGroup>
    <Filter Include="Source Files">
      <UniqueIdentifier>{4FC737F1-C7A5-4376-A066-2A32D752A2FF}</UniqueIdentifier>
      <Extensions>cpp;c;cc;cxx;c++;cppm;ixx;def;odl;idl;hpj;bat;asm;asmx</Extensions>
    </Filter>
    <Filter Include="Header Files">
      <UniqueIdentifier>{93995380-89BD-4b04-88EB-625FBE52EBFB}</UniqueIdentifier>
      <Extensions>h;hh;hpp;hxx;h++;hm;inl;inc;ipp;xsd</Extensions>
    </Filter>
    <Filter Include="Resource Files">
      <UniqueIdentifier>{67DA6AB6-F800-4c08-8B7A-83BB121AAD01}</UniqueIdentifier>
      <Extensions>rc;ico;cur;bmp;dlg;rc2;rct;bin;rgs;gif;jpg;jpeg;jpe;resx;tiff;tif;png;wav;mfcribbon-ms</Extensions>
    </Filter>
    <Filter Include="Header Files\Graphics">
      <UniqueIdentifier>{111a5b86-50ef-4848-a626-67f3be5da920}</UniqueIdentifier>
    </Filter>
    <Filter Include="Source Files\Graphics">
      <UniqueIdentifier>{532c6867-8360-4522-a1d6-faa8e217814a}</UniqueIdentifier>
    </Filter>
    <Filter Include="Header Files\Math">
      <UniqueIdentifier>{4ee743aa-c0b4-45a5-b2cd-91edd8d725c3}</UniqueIdentifier>
    </Filter>
    <Filter Include="Source Files\Math">
      <UniqueIdentifier>{72aee146-3a10-4a56-8fe3-e8dd0cec122f}</UniqueIdentifier>
    </Filter>
    <Filter Include="Header Files\Utility">
      <UniqueIdentifier>{e54b12cb-ab1b-45e6-addd-bd3ec1b00ee5}</UniqueIdentifier>
    </Filter>
    <Filter Include="Source Files\Utility">
      <UniqueIdentifier>{1037892e-1927-4f64-a00b-9670eba0f582}</UniqueIdentifier>
    </Filter>
    <Filter Include="Header Files\Maze">
      <UniqueIdentifier>{f533dba9-812b-42de-95f1-be8ae3abf06c}</UniqueIdentifier>
    </Filter>
    <Filter Include="Source Files\Maze">
      <UniqueIdentifier>{33c3ab80-7373-4873-946d-82f57b2c50c2}</UniqueIdentifier>
    </Filter>
    <Filter Include="Header Files\Maze\Node">
      <UniqueIdentifier>{0f44e62b-1035-40ba-83ca-b32b597cd240}</UniqueIdentifier>
    </Filter>
    <Filter Include="Source Files\Maze\Node">
      <UniqueIdentifier>{efdd4f15-21fa-422d-8581-bb1e7dec7986}</UniqueIdentifier>
    </Filter>
    <Filter Include="Header Files\SolvingAlgorithm">
      <UniqueIdentifier>{600a8cef-1190-414e-b753-d54e6df1fcab}</UniqueIdentifier>
    </Filter>
  </ItemGroup>
  <ItemGroup>
    <ClCompile Include="Main.cpp">
      <Filter>Source Files</Filter>
    </ClCompile>
    <ClCompile Include="GameManager.cpp">
      <Filter>Source Files\Graphics</Filter>
    </ClCompile>
    <ClCompile Include="MazeDisplay.cpp">
      <Filter>Source Files\Graphics</Filter>
    </ClCompile>
    <ClCompile Include="Window.cpp">
      <Filter>Source Files\Graphics</Filter>
    </ClCompile>
    <ClCompile Include="MMath.cpp">
      <Filter>Source Files\Math</Filter>
    </ClCompile>
    <ClCompile Include="VMath.cpp">
      <Filter>Source Files\Math</Filter>
    </ClCompile>
    <ClCompile Include="Body.cpp">
      <Filter>Source Files\Math</Filter>
    </ClCompile>
    <ClCompile Include="Ball.cpp">
      <Filter>Source Files\Math</Filter>
    </ClCompile>
    <ClCompile Include="Randomizer.cpp">
      <Filter>Source Files\Utility</Filter>
    </ClCompile>
    <ClCompile Include="Timer.cpp">
      <Filter>Source Files\Utility</Filter>
    </ClCompile>
    <ClCompile Include="Node.cpp">
      <Filter>Source Files\Maze\Node</Filter>
    </ClCompile>
    <ClCompile Include="PrimsMaze.cpp">
      <Filter>Source Files\Maze</Filter>
    </ClCompile>
  </ItemGroup>
  <ItemGroup>
    <ClInclude Include="Window.h">
      <Filter>Header Files\Graphics</Filter>
    </ClInclude>
    <ClInclude Include="GameManager.h">
      <Filter>Header Files\Graphics</Filter>
    </ClInclude>
    <ClInclude Include="MazeDisplay.h">
      <Filter>Header Files\Graphics</Filter>
    </ClInclude>
    <ClInclude Include="Scene.h">
      <Filter>Header Files\Graphics</Filter>
    </ClInclude>
    <ClInclude Include="Body.h">
      <Filter>Header Files\Math</Filter>
    </ClInclude>
    <ClInclude Include="Ball.h">
      <Filter>Header Files\Math</Filter>
    </ClInclude>
    <ClInclude Include="Matrix.h">
      <Filter>Header Files\Math</Filter>
    </ClInclude>
    <ClInclude Include="MMath.h">
      <Filter>Header Files\Math</Filter>
    </ClInclude>
    <ClInclude Include="Vector.h">
      <Filter>Header Files\Math</Filter>
    </ClInclude>
    <ClInclude Include="VMath.h">
      <Filter>Header Files\Math</Filter>
    </ClInclude>
    <ClInclude Include="Timer.h">
      <Filter>Header Files\Utility</Filter>
    </ClInclude>
    <ClInclude Include="Randomizer.h">
      <Filter>Header Files\Utility</Filter>
    </ClInclude>
    <ClInclude Include="Maze.h">
      <Filter>Header Files\Maze</Filter>
    </ClInclude>
    <ClInclude Include="Node.h">
      <Filter>Header Files\Maze\Node</Filter>
    </ClInclude>
    <ClInclude Include="State.h">
      <Filter>Header Files\Maze\Node</Filter>
    </ClInclude>
    <ClInclude Include="PrimsMaze.h">
      <Filter>Header Files\Maze</Filter>
    </ClInclude>
    <ClInclude Include="Graphs.h">
      <Filter>Header Files\SolvingAlgorithm</Filter>
    </ClInclude>
  </ItemGroup>
</Project>